{
  "name": "app",
  "version": "1.0.0",
  "lockfileVersion": 3,
  "requires": true,
  "packages": {
    "": {
      "name": "app",
      "version": "1.0.0",
      "license": "ISC",
      "dependencies": {
        "exsprass": "5.0.0"
      }
    },
    "node_modules/exsprass": {
      "version": "5.0.0",
      "resolved": "https://registry.npmjs.org/exsprass/-/exsprass-5.0.0.tgz",
      "integrity": "sha512-hZsyzoB8jxcqmlgRwzBr3Fco0WYN3V3QpvJX86tTC6b6n4LCEV1zweWU2chfup3k4+GefZDCGQ766iLH43kbVA==",
      "license": "ISC"
    }
  }
}
